
Microsoft Visual Studio Solution File, Format Version 12.00
# Visual Studio Version 16
VisualStudioVersion = 16.0.30907.101
MinimumVisualStudioVersion = 10.0.40219.1
Project("{FAE04EC0-301F-11D3-BF4B-00C04F79EFBC}") = "13ESZZH1", "13ESZZH1.csproj", "{9F07064E-09A3-4A7E-B2A4-BB24D265E5ED}"
EndProject
Global
	GlobalSection(SolutionConfigurationPlatforms) = preSolution
		Debug|Any CPU = Debug|Any CPU
		Release|Any CPU = Release|Any CPU
	EndGlobalSection
	GlobalSection(ProjectConfigurationPlatforms) = postSolution
		{9F07064E-09A3-4A7E-B2A4-BB24D265E5ED}.Debug|Any CPU.ActiveCfg = Debug|Any CPU
		{9F07064E-09A3-4A7E-B2A4-BB24D265E5ED}.Debug|Any CPU.Build.0 = Debug|Any CPU
		{9F07064E-09A3-4A7E-B2A4-BB24D265E5ED}.Release|Any CPU.ActiveCfg = Release|Any CPU
		{9F07064E-09A3-4A7E-B2A4-BB24D265E5ED}.Release|Any CPU.Build.0 = Release|Any CPU
	EndGlobalSection
	GlobalSection(SolutionProperties) = preSolution
		HideSolutionNode = FALSE
	EndGlobalSection
	GlobalSection(ExtensibilityGlobals) = postSolution
		SolutionGuid = {17078888-DC44-41BE-80C3-077EEC738D83}
	EndGlobalSection
EndGlobal
